{
  "version": 4,
  "terraform_version": "1.2.8",
  "serial": 66,
  "lineage": "3c54b1b5-6694-f298-5a88-6cf26197f3c0",
  "outputs": {
    "vm_password": {
      "value": "$Hd=0Jg:BkOnE2lX",
      "type": "string",
      "sensitive": true
    }
  },
  "resources": [
    {
      "mode": "data",
      "type": "azurerm_client_config",
      "name": "current",
      "provider": "provider[\"registry.terraform.io/hashicorp/azurerm\"]",
      "instances": [
        {
          "schema_version": 0,
          "attributes": {
            "client_id": "04b07795-8ddb-461a-bbee-02f9e1bf7b46",
            "id": "2022-08-28 10:33:43.974985 +0000 UTC",
            "object_id": "3123d057-86ba-4143-95ee-015f5e0e8d82",
            "subscription_id": "de7365e2-8329-48fc-8273-4ab1574e6b4b",
            "tenant_id": "687f51c3-0c5d-4905-84f8-97c683a5b9d1",
            "timeouts": null
          },
          "sensitive_attributes": []
        }
      ]
    },
    {
      "mode": "data",
      "type": "template_file",
      "name": "linux-vm-cloud-init",
      "provider": "provider[\"registry.terraform.io/hashicorp/template\"]",
      "instances": [
        {
          "schema_version": 0,
          "attributes": {
            "filename": null,
            "id": "784b3aacf03339a8bf9aa0d2f698fe565e042960afc0180aad081c57976f4802",
            "rendered": "#!/bin/bash\nsudo apt-get update\nsudo apt-get install -y apache2\nsudo systemctl start apache2\nsudo systemctl enable apache2\necho \"\u003ch1\u003eThis is linux vm\u003c/h1\u003e\" | sudo tee /var/www/html/index.html",
            "template": "#!/bin/bash\nsudo apt-get update\nsudo apt-get install -y apache2\nsudo systemctl start apache2\nsudo systemctl enable apache2\necho \"\u003ch1\u003eThis is linux vm\u003c/h1\u003e\" | sudo tee /var/www/html/index.html",
            "vars": null
          },
          "sensitive_attributes": []
        }
      ]
    },
    {
      "mode": "managed",
      "type": "azurerm_availability_set",
      "name": "task-availability-set",
      "provider": "provider[\"registry.terraform.io/hashicorp/azurerm\"]",
      "instances": [
        {
          "schema_version": 0,
          "attributes": {
            "id": "/subscriptions/de7365e2-8329-48fc-8273-4ab1574e6b4b/resourceGroups/trisha-rg/providers/Microsoft.Compute/availabilitySets/trisha-aset",
            "location": "eastus",
            "managed": true,
            "name": "trisha-aset",
            "platform_fault_domain_count": 3,
            "platform_update_domain_count": 5,
            "proximity_placement_group_id": null,
            "resource_group_name": "trisha-rg",
            "tags": {},
            "timeouts": null
          },
          "sensitive_attributes": [],
          "private": "eyJlMmJmYjczMC1lY2FhLTExZTYtOGY4OC0zNDM2M2JjN2M0YzAiOnsiY3JlYXRlIjoxODAwMDAwMDAwMDAwLCJkZWxldGUiOjE4MDAwMDAwMDAwMDAsInJlYWQiOjMwMDAwMDAwMDAwMCwidXBkYXRlIjoxODAwMDAwMDAwMDAwfX0=",
          "dependencies": [
            "azurerm_resource_group.task-resource-group"
          ]
        }
      ]
    },
    {
      "mode": "managed",
      "type": "azurerm_key_vault",
      "name": "task-key-vault",
      "provider": "provider[\"registry.terraform.io/hashicorp/azurerm\"]",
      "instances": [
        {
          "schema_version": 2,
          "attributes": {
            "access_policy": [
              {
                "application_id": "",
                "certificate_permissions": [],
                "key_permissions": [
                  "Get"
                ],
                "object_id": "3123d057-86ba-4143-95ee-015f5e0e8d82",
                "secret_permissions": [
                  "Get",
                  "Backup",
                  "Delete",
                  "List",
                  "Purge",
                  "Recover",
                  "Restore",
                  "Set"
                ],
                "storage_permissions": [
                  "Get"
                ],
                "tenant_id": "687f51c3-0c5d-4905-84f8-97c683a5b9d1"
              }
            ],
            "contact": [],
            "enable_rbac_authorization": false,
            "enabled_for_deployment": false,
            "enabled_for_disk_encryption": true,
            "enabled_for_template_deployment": false,
            "id": "/subscriptions/de7365e2-8329-48fc-8273-4ab1574e6b4b/resourceGroups/trisha-rg/providers/Microsoft.KeyVault/vaults/trisha0df1352c6e",
            "location": "eastus",
            "name": "trisha0df1352c6e",
            "network_acls": [
              {
                "bypass": "AzureServices",
                "default_action": "Allow",
                "ip_rules": [],
                "virtual_network_subnet_ids": []
              }
            ],
            "public_network_access_enabled": true,
            "purge_protection_enabled": false,
            "resource_group_name": "trisha-rg",
            "sku_name": "standard",
            "soft_delete_retention_days": 7,
            "tags": {},
            "tenant_id": "687f51c3-0c5d-4905-84f8-97c683a5b9d1",
            "timeouts": null,
            "vault_uri": "https://trisha0df1352c6e.vault.azure.net/"
          },
          "sensitive_attributes": [],
          "private": "eyJlMmJmYjczMC1lY2FhLTExZTYtOGY4OC0zNDM2M2JjN2M0YzAiOnsiY3JlYXRlIjoxODAwMDAwMDAwMDAwLCJkZWxldGUiOjE4MDAwMDAwMDAwMDAsInJlYWQiOjMwMDAwMDAwMDAwMCwidXBkYXRlIjoxODAwMDAwMDAwMDAwfSwic2NoZW1hX3ZlcnNpb24iOiIyIn0=",
          "dependencies": [
            "azurerm_resource_group.task-resource-group",
            "data.azurerm_client_config.current",
            "random_id.kvname"
          ]
        }
      ]
    },
    {
      "mode": "managed",
      "type": "azurerm_key_vault_secret",
      "name": "vmpassword",
      "provider": "provider[\"registry.terraform.io/hashicorp/azurerm\"]",
      "instances": [
        {
          "schema_version": 0,
          "attributes": {
            "content_type": "",
            "expiration_date": null,
            "id": "https://trisha0df1352c6e.vault.azure.net/secrets/vmpassword/89d36b48df494e33a88660eb0355327c",
            "key_vault_id": "/subscriptions/de7365e2-8329-48fc-8273-4ab1574e6b4b/resourceGroups/trisha-rg/providers/Microsoft.KeyVault/vaults/trisha0df1352c6e",
            "name": "vmpassword",
            "not_before_date": null,
            "resource_id": "/subscriptions/de7365e2-8329-48fc-8273-4ab1574e6b4b/resourceGroups/trisha-rg/providers/Microsoft.KeyVault/vaults/trisha0df1352c6e/secrets/vmpassword/versions/89d36b48df494e33a88660eb0355327c",
            "resource_versionless_id": "/subscriptions/de7365e2-8329-48fc-8273-4ab1574e6b4b/resourceGroups/trisha-rg/providers/Microsoft.KeyVault/vaults/trisha0df1352c6e/secrets/vmpassword",
            "tags": {},
            "timeouts": null,
            "value": "$Hd=0Jg:BkOnE2lX",
            "version": "89d36b48df494e33a88660eb0355327c",
            "versionless_id": "https://trisha0df1352c6e.vault.azure.net/secrets/vmpassword"
          },
          "sensitive_attributes": [
            [
              {
                "type": "get_attr",
                "value": "value"
              }
            ]
          ],
          "private": "eyJlMmJmYjczMC1lY2FhLTExZTYtOGY4OC0zNDM2M2JjN2M0YzAiOnsiY3JlYXRlIjoxODAwMDAwMDAwMDAwLCJkZWxldGUiOjE4MDAwMDAwMDAwMDAsInJlYWQiOjE4MDAwMDAwMDAwMDAsInVwZGF0ZSI6MTgwMDAwMDAwMDAwMH19",
          "dependencies": [
            "azurerm_key_vault.task-key-vault",
            "azurerm_resource_group.task-resource-group",
            "data.azurerm_client_config.current",
            "random_id.kvname",
            "random_password.password"
          ]
        }
      ]
    },
    {
      "mode": "managed",
      "type": "azurerm_lb",
      "name": "task-load-balancer",
      "provider": "provider[\"registry.terraform.io/hashicorp/azurerm\"]",
      "instances": [
        {
          "schema_version": 0,
          "attributes": {
            "edge_zone": "",
            "frontend_ip_configuration": [
              {
                "gateway_load_balancer_frontend_ip_configuration_id": "",
                "id": "/subscriptions/de7365e2-8329-48fc-8273-4ab1574e6b4b/resourceGroups/trisha-rg/providers/Microsoft.Network/loadBalancers/trishaloadbalancer/frontendIPConfigurations/frontendip",
                "inbound_nat_rules": [],
                "load_balancer_rules": [
                  "/subscriptions/de7365e2-8329-48fc-8273-4ab1574e6b4b/resourceGroups/trisha-rg/providers/Microsoft.Network/loadBalancers/trishaloadbalancer/loadBalancingRules/LBRule"
                ],
                "name": "frontendip",
                "outbound_rules": [],
                "private_ip_address": "",
                "private_ip_address_allocation": "Dynamic",
                "private_ip_address_version": "",
                "public_ip_address_id": "/subscriptions/de7365e2-8329-48fc-8273-4ab1574e6b4b/resourceGroups/trisha-rg/providers/Microsoft.Network/publicIPAddresses/trishaPublicIPForLB",
                "public_ip_prefix_id": "",
                "subnet_id": "",
                "zones": []
              }
            ],
            "id": "/subscriptions/de7365e2-8329-48fc-8273-4ab1574e6b4b/resourceGroups/trisha-rg/providers/Microsoft.Network/loadBalancers/trishaloadbalancer",
            "location": "eastus",
            "name": "trishaloadbalancer",
            "private_ip_address": "",
            "private_ip_addresses": [],
            "resource_group_name": "trisha-rg",
            "sku": "Basic",
            "sku_tier": "Regional",
            "tags": {},
            "timeouts": null
          },
          "sensitive_attributes": [],
          "private": "eyJlMmJmYjczMC1lY2FhLTExZTYtOGY4OC0zNDM2M2JjN2M0YzAiOnsiY3JlYXRlIjoxODAwMDAwMDAwMDAwLCJkZWxldGUiOjE4MDAwMDAwMDAwMDAsInJlYWQiOjMwMDAwMDAwMDAwMCwidXBkYXRlIjoxODAwMDAwMDAwMDAwfX0=",
          "dependencies": [
            "azurerm_public_ip.task-public-ip-lb",
            "azurerm_resource_group.task-resource-group"
          ]
        }
      ]
    },
    {
      "mode": "managed",
      "type": "azurerm_lb_backend_address_pool",
      "name": "task-backend-pool",
      "provider": "provider[\"registry.terraform.io/hashicorp/azurerm\"]",
      "instances": [
        {
          "schema_version": 0,
          "attributes": {
            "backend_ip_configurations": [
              "/subscriptions/de7365e2-8329-48fc-8273-4ab1574e6b4b/resourceGroups/trisha-rg/providers/Microsoft.Network/networkInterfaces/trisha-linux-nic/ipConfigurations/internal",
              "/subscriptions/de7365e2-8329-48fc-8273-4ab1574e6b4b/resourceGroups/trisha-rg/providers/Microsoft.Network/networkInterfaces/trisha-windows-nic/ipConfigurations/internal"
            ],
            "id": "/subscriptions/de7365e2-8329-48fc-8273-4ab1574e6b4b/resourceGroups/trisha-rg/providers/Microsoft.Network/loadBalancers/trishaloadbalancer/backendAddressPools/BackEndAddressPool",
            "inbound_nat_rules": [],
            "load_balancing_rules": [],
            "loadbalancer_id": "/subscriptions/de7365e2-8329-48fc-8273-4ab1574e6b4b/resourceGroups/trisha-rg/providers/Microsoft.Network/loadBalancers/trishaloadbalancer",
            "name": "BackEndAddressPool",
            "outbound_rules": [],
            "timeouts": null,
            "tunnel_interface": []
          },
          "sensitive_attributes": [],
          "private": "eyJlMmJmYjczMC1lY2FhLTExZTYtOGY4OC0zNDM2M2JjN2M0YzAiOnsiY3JlYXRlIjoxODAwMDAwMDAwMDAwLCJkZWxldGUiOjE4MDAwMDAwMDAwMDAsInJlYWQiOjMwMDAwMDAwMDAwMCwidXBkYXRlIjoxODAwMDAwMDAwMDAwfX0=",
          "dependencies": [
            "azurerm_lb.task-load-balancer",
            "azurerm_public_ip.task-public-ip-lb",
            "azurerm_resource_group.task-resource-group"
          ]
        }
      ]
    },
    {
      "mode": "managed",
      "type": "azurerm_lb_probe",
      "name": "task-health-probe",
      "provider": "provider[\"registry.terraform.io/hashicorp/azurerm\"]",
      "instances": [
        {
          "schema_version": 0,
          "attributes": {
            "id": "/subscriptions/de7365e2-8329-48fc-8273-4ab1574e6b4b/resourceGroups/trisha-rg/providers/Microsoft.Network/loadBalancers/trishaloadbalancer/probes/trisha-probe",
            "interval_in_seconds": 15,
            "load_balancer_rules": [],
            "loadbalancer_id": "/subscriptions/de7365e2-8329-48fc-8273-4ab1574e6b4b/resourceGroups/trisha-rg/providers/Microsoft.Network/loadBalancers/trishaloadbalancer",
            "name": "trisha-probe",
            "number_of_probes": 2,
            "port": 80,
            "protocol": "Tcp",
            "request_path": "",
            "timeouts": null
          },
          "sensitive_attributes": [],
          "private": "eyJlMmJmYjczMC1lY2FhLTExZTYtOGY4OC0zNDM2M2JjN2M0YzAiOnsiY3JlYXRlIjoxODAwMDAwMDAwMDAwLCJkZWxldGUiOjE4MDAwMDAwMDAwMDAsInJlYWQiOjMwMDAwMDAwMDAwMCwidXBkYXRlIjoxODAwMDAwMDAwMDAwfX0=",
          "dependencies": [
            "azurerm_lb.task-load-balancer",
            "azurerm_public_ip.task-public-ip-lb",
            "azurerm_resource_group.task-resource-group"
          ]
        }
      ]
    },
    {
      "mode": "managed",
      "type": "azurerm_lb_rule",
      "name": "example",
      "provider": "provider[\"registry.terraform.io/hashicorp/azurerm\"]",
      "instances": [
        {
          "schema_version": 0,
          "attributes": {
            "backend_address_pool_ids": [],
            "backend_port": 80,
            "disable_outbound_snat": false,
            "enable_floating_ip": false,
            "enable_tcp_reset": false,
            "frontend_ip_configuration_id": "/subscriptions/de7365e2-8329-48fc-8273-4ab1574e6b4b/resourceGroups/trisha-rg/providers/Microsoft.Network/loadBalancers/trishaloadbalancer/frontendIPConfigurations/frontendip",
            "frontend_ip_configuration_name": "frontendip",
            "frontend_port": 80,
            "id": "/subscriptions/de7365e2-8329-48fc-8273-4ab1574e6b4b/resourceGroups/trisha-rg/providers/Microsoft.Network/loadBalancers/trishaloadbalancer/loadBalancingRules/LBRule",
            "idle_timeout_in_minutes": 4,
            "load_distribution": "Default",
            "loadbalancer_id": "/subscriptions/de7365e2-8329-48fc-8273-4ab1574e6b4b/resourceGroups/trisha-rg/providers/Microsoft.Network/loadBalancers/trishaloadbalancer",
            "name": "LBRule",
            "probe_id": "",
            "protocol": "Tcp",
            "timeouts": null
          },
          "sensitive_attributes": [],
          "private": "eyJlMmJmYjczMC1lY2FhLTExZTYtOGY4OC0zNDM2M2JjN2M0YzAiOnsiY3JlYXRlIjoxODAwMDAwMDAwMDAwLCJkZWxldGUiOjE4MDAwMDAwMDAwMDAsInJlYWQiOjMwMDAwMDAwMDAwMCwidXBkYXRlIjoxODAwMDAwMDAwMDAwfX0=",
          "dependencies": [
            "azurerm_lb.task-load-balancer",
            "azurerm_public_ip.task-public-ip-lb",
            "azurerm_resource_group.task-resource-group"
          ]
        }
      ]
    },
    {
      "mode": "managed",
      "type": "azurerm_linux_virtual_machine",
      "name": "task-linux-vm",
      "provider": "provider[\"registry.terraform.io/hashicorp/azurerm\"]",
      "instances": [
        {
          "schema_version": 0,
          "attributes": {
            "additional_capabilities": [],
            "admin_password": "$Hd=0Jg:BkOnE2lX",
            "admin_ssh_key": [],
            "admin_username": "trisha",
            "allow_extension_operations": true,
            "availability_set_id": "/subscriptions/de7365e2-8329-48fc-8273-4ab1574e6b4b/resourceGroups/trisha-rg/providers/Microsoft.Compute/availabilitySets/TRISHA-ASET",
            "boot_diagnostics": [],
            "capacity_reservation_group_id": "",
            "computer_name": "trisha-linux-vm",
            "custom_data": "IyEvYmluL2Jhc2gKc3VkbyBhcHQtZ2V0IHVwZGF0ZQpzdWRvIGFwdC1nZXQgaW5zdGFsbCAteSBhcGFjaGUyCnN1ZG8gc3lzdGVtY3RsIHN0YXJ0IGFwYWNoZTIKc3VkbyBzeXN0ZW1jdGwgZW5hYmxlIGFwYWNoZTIKZWNobyAiPGgxPlRoaXMgaXMgbGludXggdm08L2gxPiIgfCBzdWRvIHRlZSAvdmFyL3d3dy9odG1sL2luZGV4Lmh0bWw=",
            "dedicated_host_group_id": "",
            "dedicated_host_id": "",
            "disable_password_authentication": false,
            "edge_zone": "",
            "encryption_at_host_enabled": false,
            "eviction_policy": "",
            "extensions_time_budget": "PT1H30M",
            "id": "/subscriptions/de7365e2-8329-48fc-8273-4ab1574e6b4b/resourceGroups/trisha-rg/providers/Microsoft.Compute/virtualMachines/trisha-linux-vm",
            "identity": [],
            "license_type": "",
            "location": "eastus",
            "max_bid_price": -1,
            "name": "trisha-linux-vm",
            "network_interface_ids": [
              "/subscriptions/de7365e2-8329-48fc-8273-4ab1574e6b4b/resourceGroups/trisha-rg/providers/Microsoft.Network/networkInterfaces/trisha-linux-nic"
            ],
            "os_disk": [
              {
                "caching": "ReadWrite",
                "diff_disk_settings": [],
                "disk_encryption_set_id": "",
                "disk_size_gb": 30,
                "name": "trisha-linux-vm_OsDisk_1_34ab41ced31e4a019b5b7e36e8dfad83",
                "secure_vm_disk_encryption_set_id": "",
                "security_encryption_type": "",
                "storage_account_type": "Standard_LRS",
                "write_accelerator_enabled": false
              }
            ],
            "patch_mode": "ImageDefault",
            "plan": [],
            "platform_fault_domain": -1,
            "priority": "Regular",
            "private_ip_address": "10.0.1.4",
            "private_ip_addresses": [
              "10.0.1.4"
            ],
            "provision_vm_agent": true,
            "proximity_placement_group_id": "",
            "public_ip_address": "",
            "public_ip_addresses": [],
            "resource_group_name": "trisha-rg",
            "secret": [],
            "secure_boot_enabled": false,
            "size": "Standard_F2",
            "source_image_id": "",
            "source_image_reference": [
              {
                "offer": "UbuntuServer",
                "publisher": "Canonical",
                "sku": "18.04-LTS",
                "version": "latest"
              }
            ],
            "tags": {},
            "termination_notification": [],
            "timeouts": null,
            "user_data": "",
            "virtual_machine_id": "2aa5a971-b5bb-4f49-91c2-f0a6e23698e2",
            "virtual_machine_scale_set_id": "",
            "vtpm_enabled": false,
            "zone": ""
          },
          "sensitive_attributes": [
            [
              {
                "type": "get_attr",
                "value": "admin_password"
              }
            ]
          ],
          "private": "eyJlMmJmYjczMC1lY2FhLTExZTYtOGY4OC0zNDM2M2JjN2M0YzAiOnsiY3JlYXRlIjoyNzAwMDAwMDAwMDAwLCJkZWxldGUiOjI3MDAwMDAwMDAwMDAsInJlYWQiOjMwMDAwMDAwMDAwMCwidXBkYXRlIjoyNzAwMDAwMDAwMDAwfX0=",
          "dependencies": [
            "azurerm_availability_set.task-availability-set",
            "azurerm_key_vault.task-key-vault",
            "azurerm_key_vault_secret.vmpassword",
            "azurerm_network_interface.task-nic-linux",
            "azurerm_resource_group.task-resource-group",
            "azurerm_subnet.task-subnet",
            "azurerm_virtual_network.task-virtual-network",
            "data.azurerm_client_config.current",
            "data.template_file.linux-vm-cloud-init",
            "random_id.kvname",
            "random_password.password"
          ]
        }
      ]
    },
    {
      "mode": "managed",
      "type": "azurerm_network_interface",
      "name": "task-nic-linux",
      "provider": "provider[\"registry.terraform.io/hashicorp/azurerm\"]",
      "instances": [
        {
          "schema_version": 0,
          "attributes": {
            "applied_dns_servers": [],
            "dns_servers": [],
            "edge_zone": "",
            "enable_accelerated_networking": false,
            "enable_ip_forwarding": false,
            "id": "/subscriptions/de7365e2-8329-48fc-8273-4ab1574e6b4b/resourceGroups/trisha-rg/providers/Microsoft.Network/networkInterfaces/trisha-linux-nic",
            "internal_dns_name_label": "",
            "internal_domain_name_suffix": "2nt150vnsmmeznmyaviun0znch.bx.internal.cloudapp.net",
            "ip_configuration": [
              {
                "gateway_load_balancer_frontend_ip_configuration_id": "",
                "name": "internal",
                "primary": true,
                "private_ip_address": "10.0.1.4",
                "private_ip_address_allocation": "Dynamic",
                "private_ip_address_version": "IPv4",
                "public_ip_address_id": "",
                "subnet_id": "/subscriptions/de7365e2-8329-48fc-8273-4ab1574e6b4b/resourceGroups/trisha-rg/providers/Microsoft.Network/virtualNetworks/trisha-vnet/subnets/trisha-subnet"
              }
            ],
            "location": "eastus",
            "mac_address": "00-0D-3A-99-4F-53",
            "name": "trisha-linux-nic",
            "private_ip_address": "10.0.1.4",
            "private_ip_addresses": [
              "10.0.1.4"
            ],
            "resource_group_name": "trisha-rg",
            "tags": {},
            "timeouts": null,
            "virtual_machine_id": "/subscriptions/de7365e2-8329-48fc-8273-4ab1574e6b4b/resourceGroups/trisha-rg/providers/Microsoft.Compute/virtualMachines/trisha-linux-vm"
          },
          "sensitive_attributes": [],
          "private": "eyJlMmJmYjczMC1lY2FhLTExZTYtOGY4OC0zNDM2M2JjN2M0YzAiOnsiY3JlYXRlIjoxODAwMDAwMDAwMDAwLCJkZWxldGUiOjE4MDAwMDAwMDAwMDAsInJlYWQiOjMwMDAwMDAwMDAwMCwidXBkYXRlIjoxODAwMDAwMDAwMDAwfX0=",
          "dependencies": [
            "azurerm_resource_group.task-resource-group",
            "azurerm_subnet.task-subnet",
            "azurerm_virtual_network.task-virtual-network"
          ]
        }
      ]
    },
    {
      "mode": "managed",
      "type": "azurerm_network_interface",
      "name": "task-nic-windows",
      "provider": "provider[\"registry.terraform.io/hashicorp/azurerm\"]",
      "instances": [
        {
          "schema_version": 0,
          "attributes": {
            "applied_dns_servers": [],
            "dns_servers": [],
            "edge_zone": "",
            "enable_accelerated_networking": false,
            "enable_ip_forwarding": false,
            "id": "/subscriptions/de7365e2-8329-48fc-8273-4ab1574e6b4b/resourceGroups/trisha-rg/providers/Microsoft.Network/networkInterfaces/trisha-windows-nic",
            "internal_dns_name_label": "",
            "internal_domain_name_suffix": "2nt150vnsmmeznmyaviun0znch.bx.internal.cloudapp.net",
            "ip_configuration": [
              {
                "gateway_load_balancer_frontend_ip_configuration_id": "",
                "name": "internal",
                "primary": true,
                "private_ip_address": "10.0.1.5",
                "private_ip_address_allocation": "Dynamic",
                "private_ip_address_version": "IPv4",
                "public_ip_address_id": "",
                "subnet_id": "/subscriptions/de7365e2-8329-48fc-8273-4ab1574e6b4b/resourceGroups/trisha-rg/providers/Microsoft.Network/virtualNetworks/trisha-vnet/subnets/trisha-subnet"
              }
            ],
            "location": "eastus",
            "mac_address": "00-0D-3A-99-40-2E",
            "name": "trisha-windows-nic",
            "private_ip_address": "10.0.1.5",
            "private_ip_addresses": [
              "10.0.1.5"
            ],
            "resource_group_name": "trisha-rg",
            "tags": {},
            "timeouts": null,
            "virtual_machine_id": "/subscriptions/de7365e2-8329-48fc-8273-4ab1574e6b4b/resourceGroups/trisha-rg/providers/Microsoft.Compute/virtualMachines/trisha-win-vm"
          },
          "sensitive_attributes": [],
          "private": "eyJlMmJmYjczMC1lY2FhLTExZTYtOGY4OC0zNDM2M2JjN2M0YzAiOnsiY3JlYXRlIjoxODAwMDAwMDAwMDAwLCJkZWxldGUiOjE4MDAwMDAwMDAwMDAsInJlYWQiOjMwMDAwMDAwMDAwMCwidXBkYXRlIjoxODAwMDAwMDAwMDAwfX0=",
          "dependencies": [
            "azurerm_resource_group.task-resource-group",
            "azurerm_subnet.task-subnet",
            "azurerm_virtual_network.task-virtual-network"
          ]
        }
      ]
    },
    {
      "mode": "managed",
      "type": "azurerm_network_interface_backend_address_pool_association",
      "name": "task-backend-pool-association-linux",
      "provider": "provider[\"registry.terraform.io/hashicorp/azurerm\"]",
      "instances": [
        {
          "schema_version": 0,
          "attributes": {
            "backend_address_pool_id": "/subscriptions/de7365e2-8329-48fc-8273-4ab1574e6b4b/resourceGroups/trisha-rg/providers/Microsoft.Network/loadBalancers/trishaloadbalancer/backendAddressPools/BackEndAddressPool",
            "id": "/subscriptions/de7365e2-8329-48fc-8273-4ab1574e6b4b/resourceGroups/trisha-rg/providers/Microsoft.Network/networkInterfaces/trisha-linux-nic/ipConfigurations/internal|/subscriptions/de7365e2-8329-48fc-8273-4ab1574e6b4b/resourceGroups/trisha-rg/providers/Microsoft.Network/loadBalancers/trishaloadbalancer/backendAddressPools/BackEndAddressPool",
            "ip_configuration_name": "internal",
            "network_interface_id": "/subscriptions/de7365e2-8329-48fc-8273-4ab1574e6b4b/resourceGroups/trisha-rg/providers/Microsoft.Network/networkInterfaces/trisha-linux-nic",
            "timeouts": null
          },
          "sensitive_attributes": [],
          "private": "eyJlMmJmYjczMC1lY2FhLTExZTYtOGY4OC0zNDM2M2JjN2M0YzAiOnsiY3JlYXRlIjoxODAwMDAwMDAwMDAwLCJkZWxldGUiOjE4MDAwMDAwMDAwMDAsInJlYWQiOjMwMDAwMDAwMDAwMCwidXBkYXRlIjoxODAwMDAwMDAwMDAwfX0=",
          "dependencies": [
            "azurerm_lb.task-load-balancer",
            "azurerm_lb_backend_address_pool.task-backend-pool",
            "azurerm_network_interface.task-nic-linux",
            "azurerm_public_ip.task-public-ip-lb",
            "azurerm_resource_group.task-resource-group",
            "azurerm_subnet.task-subnet",
            "azurerm_virtual_network.task-virtual-network"
          ]
        }
      ]
    },
    {
      "mode": "managed",
      "type": "azurerm_network_interface_backend_address_pool_association",
      "name": "task-backend-pool-association-win",
      "provider": "provider[\"registry.terraform.io/hashicorp/azurerm\"]",
      "instances": [
        {
          "schema_version": 0,
          "attributes": {
            "backend_address_pool_id": "/subscriptions/de7365e2-8329-48fc-8273-4ab1574e6b4b/resourceGroups/trisha-rg/providers/Microsoft.Network/loadBalancers/trishaloadbalancer/backendAddressPools/BackEndAddressPool",
            "id": "/subscriptions/de7365e2-8329-48fc-8273-4ab1574e6b4b/resourceGroups/trisha-rg/providers/Microsoft.Network/networkInterfaces/trisha-windows-nic/ipConfigurations/internal|/subscriptions/de7365e2-8329-48fc-8273-4ab1574e6b4b/resourceGroups/trisha-rg/providers/Microsoft.Network/loadBalancers/trishaloadbalancer/backendAddressPools/BackEndAddressPool",
            "ip_configuration_name": "internal",
            "network_interface_id": "/subscriptions/de7365e2-8329-48fc-8273-4ab1574e6b4b/resourceGroups/trisha-rg/providers/Microsoft.Network/networkInterfaces/trisha-windows-nic",
            "timeouts": null
          },
          "sensitive_attributes": [],
          "private": "eyJlMmJmYjczMC1lY2FhLTExZTYtOGY4OC0zNDM2M2JjN2M0YzAiOnsiY3JlYXRlIjoxODAwMDAwMDAwMDAwLCJkZWxldGUiOjE4MDAwMDAwMDAwMDAsInJlYWQiOjMwMDAwMDAwMDAwMCwidXBkYXRlIjoxODAwMDAwMDAwMDAwfX0=",
          "dependencies": [
            "azurerm_lb.task-load-balancer",
            "azurerm_lb_backend_address_pool.task-backend-pool",
            "azurerm_network_interface.task-nic-windows",
            "azurerm_public_ip.task-public-ip-lb",
            "azurerm_resource_group.task-resource-group",
            "azurerm_subnet.task-subnet",
            "azurerm_virtual_network.task-virtual-network"
          ]
        }
      ]
    },
    {
      "mode": "managed",
      "type": "azurerm_network_interface_security_group_association",
      "name": "task-linux-association",
      "provider": "provider[\"registry.terraform.io/hashicorp/azurerm\"]",
      "instances": [
        {
          "schema_version": 0,
          "attributes": {
            "id": "/subscriptions/de7365e2-8329-48fc-8273-4ab1574e6b4b/resourceGroups/trisha-rg/providers/Microsoft.Network/networkInterfaces/trisha-linux-nic|/subscriptions/de7365e2-8329-48fc-8273-4ab1574e6b4b/resourceGroups/trisha-rg/providers/Microsoft.Network/networkSecurityGroups/trisha-nsg",
            "network_interface_id": "/subscriptions/de7365e2-8329-48fc-8273-4ab1574e6b4b/resourceGroups/trisha-rg/providers/Microsoft.Network/networkInterfaces/trisha-linux-nic",
            "network_security_group_id": "/subscriptions/de7365e2-8329-48fc-8273-4ab1574e6b4b/resourceGroups/trisha-rg/providers/Microsoft.Network/networkSecurityGroups/trisha-nsg",
            "timeouts": null
          },
          "sensitive_attributes": [],
          "private": "eyJlMmJmYjczMC1lY2FhLTExZTYtOGY4OC0zNDM2M2JjN2M0YzAiOnsiY3JlYXRlIjoxODAwMDAwMDAwMDAwLCJkZWxldGUiOjE4MDAwMDAwMDAwMDAsInJlYWQiOjMwMDAwMDAwMDAwMCwidXBkYXRlIjoxODAwMDAwMDAwMDAwfX0=",
          "dependencies": [
            "azurerm_network_interface.task-nic-linux",
            "azurerm_network_security_group.task-nsg",
            "azurerm_resource_group.task-resource-group"
          ]
        }
      ]
    },
    {
      "mode": "managed",
      "type": "azurerm_network_interface_security_group_association",
      "name": "task-win-association",
      "provider": "provider[\"registry.terraform.io/hashicorp/azurerm\"]",
      "instances": [
        {
          "schema_version": 0,
          "attributes": {
            "id": "/subscriptions/de7365e2-8329-48fc-8273-4ab1574e6b4b/resourceGroups/trisha-rg/providers/Microsoft.Network/networkInterfaces/trisha-windows-nic|/subscriptions/de7365e2-8329-48fc-8273-4ab1574e6b4b/resourceGroups/trisha-rg/providers/Microsoft.Network/networkSecurityGroups/trisha-nsg",
            "network_interface_id": "/subscriptions/de7365e2-8329-48fc-8273-4ab1574e6b4b/resourceGroups/trisha-rg/providers/Microsoft.Network/networkInterfaces/trisha-windows-nic",
            "network_security_group_id": "/subscriptions/de7365e2-8329-48fc-8273-4ab1574e6b4b/resourceGroups/trisha-rg/providers/Microsoft.Network/networkSecurityGroups/trisha-nsg",
            "timeouts": null
          },
          "sensitive_attributes": [],
          "private": "eyJlMmJmYjczMC1lY2FhLTExZTYtOGY4OC0zNDM2M2JjN2M0YzAiOnsiY3JlYXRlIjoxODAwMDAwMDAwMDAwLCJkZWxldGUiOjE4MDAwMDAwMDAwMDAsInJlYWQiOjMwMDAwMDAwMDAwMCwidXBkYXRlIjoxODAwMDAwMDAwMDAwfX0=",
          "dependencies": [
            "azurerm_network_interface.task-nic-windows",
            "azurerm_network_security_group.task-nsg",
            "azurerm_resource_group.task-resource-group"
          ]
        }
      ]
    },
    {
      "mode": "managed",
      "type": "azurerm_network_security_group",
      "name": "task-nsg",
      "provider": "provider[\"registry.terraform.io/hashicorp/azurerm\"]",
      "instances": [
        {
          "schema_version": 0,
          "attributes": {
            "id": "/subscriptions/de7365e2-8329-48fc-8273-4ab1574e6b4b/resourceGroups/trisha-rg/providers/Microsoft.Network/networkSecurityGroups/trisha-nsg",
            "location": "eastus",
            "name": "trisha-nsg",
            "resource_group_name": "trisha-rg",
            "security_rule": [
              {
                "access": "Allow",
                "description": "",
                "destination_address_prefix": "*",
                "destination_address_prefixes": [],
                "destination_application_security_group_ids": [],
                "destination_port_range": "*",
                "destination_port_ranges": [],
                "direction": "Inbound",
                "name": "test123",
                "priority": 100,
                "protocol": "Tcp",
                "source_address_prefix": "*",
                "source_address_prefixes": [],
                "source_application_security_group_ids": [],
                "source_port_range": "*",
                "source_port_ranges": []
              }
            ],
            "tags": null,
            "timeouts": null
          },
          "sensitive_attributes": [],
          "private": "eyJlMmJmYjczMC1lY2FhLTExZTYtOGY4OC0zNDM2M2JjN2M0YzAiOnsiY3JlYXRlIjoxODAwMDAwMDAwMDAwLCJkZWxldGUiOjE4MDAwMDAwMDAwMDAsInJlYWQiOjMwMDAwMDAwMDAwMCwidXBkYXRlIjoxODAwMDAwMDAwMDAwfX0=",
          "dependencies": [
            "azurerm_resource_group.task-resource-group"
          ]
        }
      ]
    },
    {
      "mode": "managed",
      "type": "azurerm_public_ip",
      "name": "task-public-ip-lb",
      "provider": "provider[\"registry.terraform.io/hashicorp/azurerm\"]",
      "instances": [
        {
          "schema_version": 0,
          "attributes": {
            "allocation_method": "Static",
            "domain_name_label": null,
            "edge_zone": "",
            "fqdn": null,
            "id": "/subscriptions/de7365e2-8329-48fc-8273-4ab1574e6b4b/resourceGroups/trisha-rg/providers/Microsoft.Network/publicIPAddresses/trishaPublicIPForLB",
            "idle_timeout_in_minutes": 4,
            "ip_address": "20.25.32.109",
            "ip_tags": {},
            "ip_version": "IPv4",
            "location": "eastus",
            "name": "trishaPublicIPForLB",
            "public_ip_prefix_id": null,
            "resource_group_name": "trisha-rg",
            "reverse_fqdn": null,
            "sku": "Basic",
            "sku_tier": "Regional",
            "tags": {},
            "timeouts": null,
            "zones": []
          },
          "sensitive_attributes": [],
          "private": "eyJlMmJmYjczMC1lY2FhLTExZTYtOGY4OC0zNDM2M2JjN2M0YzAiOnsiY3JlYXRlIjoxODAwMDAwMDAwMDAwLCJkZWxldGUiOjE4MDAwMDAwMDAwMDAsInJlYWQiOjMwMDAwMDAwMDAwMCwidXBkYXRlIjoxODAwMDAwMDAwMDAwfX0=",
          "dependencies": [
            "azurerm_resource_group.task-resource-group"
          ]
        }
      ]
    },
    {
      "mode": "managed",
      "type": "azurerm_resource_group",
      "name": "task-resource-group",
      "provider": "provider[\"registry.terraform.io/hashicorp/azurerm\"]",
      "instances": [
        {
          "schema_version": 0,
          "attributes": {
            "id": "/subscriptions/de7365e2-8329-48fc-8273-4ab1574e6b4b/resourceGroups/trisha-rg",
            "location": "eastus",
            "name": "trisha-rg",
            "tags": {},
            "timeouts": null
          },
          "sensitive_attributes": [],
          "private": "eyJlMmJmYjczMC1lY2FhLTExZTYtOGY4OC0zNDM2M2JjN2M0YzAiOnsiY3JlYXRlIjo1NDAwMDAwMDAwMDAwLCJkZWxldGUiOjU0MDAwMDAwMDAwMDAsInJlYWQiOjMwMDAwMDAwMDAwMCwidXBkYXRlIjo1NDAwMDAwMDAwMDAwfX0="
        }
      ]
    },
    {
      "mode": "managed",
      "type": "azurerm_subnet",
      "name": "task-subnet",
      "provider": "provider[\"registry.terraform.io/hashicorp/azurerm\"]",
      "instances": [
        {
          "schema_version": 0,
          "attributes": {
            "address_prefixes": [
              "10.0.1.0/24"
            ],
            "delegation": [],
            "enforce_private_link_endpoint_network_policies": false,
            "enforce_private_link_service_network_policies": false,
            "id": "/subscriptions/de7365e2-8329-48fc-8273-4ab1574e6b4b/resourceGroups/trisha-rg/providers/Microsoft.Network/virtualNetworks/trisha-vnet/subnets/trisha-subnet",
            "name": "trisha-subnet",
            "private_endpoint_network_policies_enabled": true,
            "private_link_service_network_policies_enabled": true,
            "resource_group_name": "trisha-rg",
            "service_endpoint_policy_ids": [],
            "service_endpoints": [],
            "timeouts": null,
            "virtual_network_name": "trisha-vnet"
          },
          "sensitive_attributes": [],
          "private": "eyJlMmJmYjczMC1lY2FhLTExZTYtOGY4OC0zNDM2M2JjN2M0YzAiOnsiY3JlYXRlIjoxODAwMDAwMDAwMDAwLCJkZWxldGUiOjE4MDAwMDAwMDAwMDAsInJlYWQiOjMwMDAwMDAwMDAwMCwidXBkYXRlIjoxODAwMDAwMDAwMDAwfX0=",
          "dependencies": [
            "azurerm_resource_group.task-resource-group",
            "azurerm_virtual_network.task-virtual-network"
          ]
        }
      ]
    },
    {
      "mode": "managed",
      "type": "azurerm_virtual_machine_extension",
      "name": "iis",
      "provider": "provider[\"registry.terraform.io/hashicorp/azurerm\"]",
      "instances": [
        {
          "schema_version": 0,
          "attributes": {
            "auto_upgrade_minor_version": false,
            "automatic_upgrade_enabled": false,
            "id": "/subscriptions/de7365e2-8329-48fc-8273-4ab1574e6b4b/resourceGroups/trisha-rg/providers/Microsoft.Compute/virtualMachines/trisha-win-vm/extensions/install-iis",
            "name": "install-iis",
            "protected_settings": null,
            "publisher": "Microsoft.Compute",
            "settings": "{\"commandToExecute\":\"powershell Add-WindowsFeature Web-Asp-Net45;Add-WindowsFeature NET-Framework-45-Core;Add-WindowsFeature Web-Net-Ext45;Add-WindowsFeature Web-ISAPI-Ext;Add-WindowsFeature Web-ISAPI-Filter;Add-WindowsFeature Web-Mgmt-Console;Add-WindowsFeature Web-Scripting-Tools;Add-WindowsFeature Search-Service;Add-WindowsFeature Web-Filtering;Add-WindowsFeature Web-Basic-Auth;Add-WindowsFeature Web-Windows-Auth;Add-WindowsFeature Web-Default-Doc;Add-WindowsFeature Web-Http-Errors;Add-WindowsFeature Web-Static-Content;\"}",
            "tags": {},
            "timeouts": null,
            "type": "CustomScriptExtension",
            "type_handler_version": "1.9",
            "virtual_machine_id": "/subscriptions/de7365e2-8329-48fc-8273-4ab1574e6b4b/resourceGroups/trisha-rg/providers/Microsoft.Compute/virtualMachines/trisha-win-vm"
          },
          "sensitive_attributes": [],
          "private": "eyJlMmJmYjczMC1lY2FhLTExZTYtOGY4OC0zNDM2M2JjN2M0YzAiOnsiY3JlYXRlIjoxODAwMDAwMDAwMDAwLCJkZWxldGUiOjE4MDAwMDAwMDAwMDAsInJlYWQiOjMwMDAwMDAwMDAwMCwidXBkYXRlIjoxODAwMDAwMDAwMDAwfX0=",
          "dependencies": [
            "azurerm_availability_set.task-availability-set",
            "azurerm_key_vault.task-key-vault",
            "azurerm_key_vault_secret.vmpassword",
            "azurerm_network_interface.task-nic-windows",
            "azurerm_resource_group.task-resource-group",
            "azurerm_subnet.task-subnet",
            "azurerm_virtual_network.task-virtual-network",
            "azurerm_windows_virtual_machine.task-windows-vm",
            "data.azurerm_client_config.current",
            "random_id.kvname",
            "random_password.password"
          ]
        }
      ]
    },
    {
      "mode": "managed",
      "type": "azurerm_virtual_network",
      "name": "task-virtual-network",
      "provider": "provider[\"registry.terraform.io/hashicorp/azurerm\"]",
      "instances": [
        {
          "schema_version": 0,
          "attributes": {
            "address_space": [
              "10.0.0.0/16"
            ],
            "bgp_community": "",
            "ddos_protection_plan": [],
            "dns_servers": [],
            "edge_zone": "",
            "flow_timeout_in_minutes": 0,
            "guid": "eabf67e3-93ad-4c18-b598-055146eb2d17",
            "id": "/subscriptions/de7365e2-8329-48fc-8273-4ab1574e6b4b/resourceGroups/trisha-rg/providers/Microsoft.Network/virtualNetworks/trisha-vnet",
            "location": "eastus",
            "name": "trisha-vnet",
            "resource_group_name": "trisha-rg",
            "subnet": [
              {
                "address_prefix": "10.0.1.0/24",
                "id": "/subscriptions/de7365e2-8329-48fc-8273-4ab1574e6b4b/resourceGroups/trisha-rg/providers/Microsoft.Network/virtualNetworks/trisha-vnet/subnets/trisha-subnet",
                "name": "trisha-subnet",
                "security_group": ""
              }
            ],
            "tags": {},
            "timeouts": null
          },
          "sensitive_attributes": [],
          "private": "eyJlMmJmYjczMC1lY2FhLTExZTYtOGY4OC0zNDM2M2JjN2M0YzAiOnsiY3JlYXRlIjoxODAwMDAwMDAwMDAwLCJkZWxldGUiOjE4MDAwMDAwMDAwMDAsInJlYWQiOjMwMDAwMDAwMDAwMCwidXBkYXRlIjoxODAwMDAwMDAwMDAwfX0=",
          "dependencies": [
            "azurerm_resource_group.task-resource-group"
          ]
        }
      ]
    },
    {
      "mode": "managed",
      "type": "azurerm_windows_virtual_machine",
      "name": "task-windows-vm",
      "provider": "provider[\"registry.terraform.io/hashicorp/azurerm\"]",
      "instances": [
        {
          "schema_version": 0,
          "attributes": {
            "additional_capabilities": [],
            "additional_unattend_content": [],
            "admin_password": "$Hd=0Jg:BkOnE2lX",
            "admin_username": "trisha",
            "allow_extension_operations": true,
            "availability_set_id": "/subscriptions/de7365e2-8329-48fc-8273-4ab1574e6b4b/resourceGroups/trisha-rg/providers/Microsoft.Compute/availabilitySets/TRISHA-ASET",
            "boot_diagnostics": [],
            "capacity_reservation_group_id": "",
            "computer_name": "trisha-win-vm",
            "custom_data": null,
            "dedicated_host_group_id": "",
            "dedicated_host_id": "",
            "edge_zone": "",
            "enable_automatic_updates": true,
            "encryption_at_host_enabled": false,
            "eviction_policy": "",
            "extensions_time_budget": "PT1H30M",
            "hotpatching_enabled": false,
            "id": "/subscriptions/de7365e2-8329-48fc-8273-4ab1574e6b4b/resourceGroups/trisha-rg/providers/Microsoft.Compute/virtualMachines/trisha-win-vm",
            "identity": [],
            "license_type": "",
            "location": "eastus",
            "max_bid_price": -1,
            "name": "trisha-win-vm",
            "network_interface_ids": [
              "/subscriptions/de7365e2-8329-48fc-8273-4ab1574e6b4b/resourceGroups/trisha-rg/providers/Microsoft.Network/networkInterfaces/trisha-windows-nic"
            ],
            "os_disk": [
              {
                "caching": "ReadWrite",
                "diff_disk_settings": [],
                "disk_encryption_set_id": "",
                "disk_size_gb": 127,
                "name": "trisha-win-vm_OsDisk_1_0f10aa8b1f1f431e8ae9180cda8b8f94",
                "secure_vm_disk_encryption_set_id": "",
                "security_encryption_type": "",
                "storage_account_type": "Standard_LRS",
                "write_accelerator_enabled": false
              }
            ],
            "patch_mode": "AutomaticByOS",
            "plan": [],
            "platform_fault_domain": -1,
            "priority": "Regular",
            "private_ip_address": "10.0.1.5",
            "private_ip_addresses": [
              "10.0.1.5"
            ],
            "provision_vm_agent": true,
            "proximity_placement_group_id": "",
            "public_ip_address": "",
            "public_ip_addresses": [],
            "resource_group_name": "trisha-rg",
            "secret": [],
            "secure_boot_enabled": false,
            "size": "Standard_F2",
            "source_image_id": "",
            "source_image_reference": [
              {
                "offer": "WindowsServer",
                "publisher": "MicrosoftWindowsServer",
                "sku": "2019-Datacenter",
                "version": "latest"
              }
            ],
            "tags": {},
            "termination_notification": [],
            "timeouts": null,
            "timezone": "",
            "user_data": "",
            "virtual_machine_id": "897875e7-8bd3-43bd-9861-8cd71768ce8b",
            "virtual_machine_scale_set_id": "",
            "vtpm_enabled": false,
            "winrm_listener": [],
            "zone": ""
          },
          "sensitive_attributes": [
            [
              {
                "type": "get_attr",
                "value": "admin_password"
              }
            ]
          ],
          "private": "eyJlMmJmYjczMC1lY2FhLTExZTYtOGY4OC0zNDM2M2JjN2M0YzAiOnsiY3JlYXRlIjoyNzAwMDAwMDAwMDAwLCJkZWxldGUiOjI3MDAwMDAwMDAwMDAsInJlYWQiOjMwMDAwMDAwMDAwMCwidXBkYXRlIjoyNzAwMDAwMDAwMDAwfX0=",
          "dependencies": [
            "azurerm_availability_set.task-availability-set",
            "azurerm_key_vault.task-key-vault",
            "azurerm_key_vault_secret.vmpassword",
            "azurerm_network_interface.task-nic-windows",
            "azurerm_resource_group.task-resource-group",
            "azurerm_subnet.task-subnet",
            "azurerm_virtual_network.task-virtual-network",
            "data.azurerm_client_config.current",
            "random_id.kvname",
            "random_password.password"
          ]
        }
      ]
    },
    {
      "mode": "managed",
      "type": "random_id",
      "name": "kvname",
      "provider": "provider[\"registry.terraform.io/hashicorp/random\"]",
      "instances": [
        {
          "schema_version": 0,
          "attributes": {
            "b64_std": "trishaDfE1LG4=",
            "b64_url": "trishaDfE1LG4",
            "byte_length": 5,
            "dec": "trisha59881368686",
            "hex": "trisha0df1352c6e",
            "id": "DfE1LG4",
            "keepers": null,
            "prefix": "trisha"
          },
          "sensitive_attributes": [],
          "private": "bnVsbA=="
        }
      ]
    },
    {
      "mode": "managed",
      "type": "random_password",
      "name": "password",
      "provider": "provider[\"registry.terraform.io/hashicorp/random\"]",
      "instances": [
        {
          "schema_version": 2,
          "attributes": {
            "bcrypt_hash": "$2a$10$DB6uxoQM3SRr5yF4RjPF4.0cPCG9zveBqgyjwe.sPPsgUXA5bnEpm",
            "id": "none",
            "keepers": null,
            "length": 16,
            "lower": true,
            "min_lower": 0,
            "min_numeric": 0,
            "min_special": 0,
            "min_upper": 0,
            "number": true,
            "numeric": true,
            "override_special": "!#$%\u0026*()-_=+[]{}\u003c\u003e:?",
            "result": "$Hd=0Jg:BkOnE2lX",
            "special": true,
            "upper": true
          },
          "sensitive_attributes": [],
          "private": "eyJzY2hlbWFfdmVyc2lvbiI6IjIifQ=="
        }
      ]
    }
  ]
}
